
Microsoft Visual Studio Solution File, Format Version 12.00
# Visual Studio Version 16
VisualStudioVersion = 16.0.30406.217
MinimumVisualStudioVersion = 10.0.40219.1
Project("{FAE04EC0-301F-11D3-BF4B-00C04F79EFBC}") = "scp-core", "scp-core\scp-core.csproj", "{F37B2C2F-758B-439F-9E62-BA8C052FEE7E}"
	ProjectSection(ProjectDependencies) = postProject
		{B058A09F-2398-4C7A-9074-2D3C7A6CA869} = {B058A09F-2398-4C7A-9074-2D3C7A6CA869}
	EndProjectSection
EndProject
Project("{FAE04EC0-301F-11D3-BF4B-00C04F79EFBC}") = "scp-library", "scp-library\scp-library.csproj", "{B058A09F-2398-4C7A-9074-2D3C7A6CA869}"
EndProject
Global
	GlobalSection(SolutionConfigurationPlatforms) = preSolution
		Debug|Any CPU = Debug|Any CPU
		Release|Any CPU = Release|Any CPU
	EndGlobalSection
	GlobalSection(ProjectConfigurationPlatforms) = postSolution
		{F37B2C2F-758B-439F-9E62-BA8C052FEE7E}.Debug|Any CPU.ActiveCfg = Debug|Any CPU
		{F37B2C2F-758B-439F-9E62-BA8C052FEE7E}.Debug|Any CPU.Build.0 = Debug|Any CPU
		{F37B2C2F-758B-439F-9E62-BA8C052FEE7E}.Release|Any CPU.ActiveCfg = Release|Any CPU
		{F37B2C2F-758B-439F-9E62-BA8C052FEE7E}.Release|Any CPU.Build.0 = Release|Any CPU
		{B058A09F-2398-4C7A-9074-2D3C7A6CA869}.Debug|Any CPU.ActiveCfg = Debug|Any CPU
		{B058A09F-2398-4C7A-9074-2D3C7A6CA869}.Debug|Any CPU.Build.0 = Debug|Any CPU
		{B058A09F-2398-4C7A-9074-2D3C7A6CA869}.Release|Any CPU.ActiveCfg = Release|Any CPU
		{B058A09F-2398-4C7A-9074-2D3C7A6CA869}.Release|Any CPU.Build.0 = Release|Any CPU
	EndGlobalSection
	GlobalSection(SolutionProperties) = preSolution
		HideSolutionNode = FALSE
	EndGlobalSection
	GlobalSection(ExtensibilityGlobals) = postSolution
		SolutionGuid = {28F661A8-A911-4EAE-B0FB-2B28314729FB}
	EndGlobalSection
EndGlobal
